// !$*UTF8*$!
{
	archiveVersion = 1;
	classes = {
	};
	objectVersion = 50;
	objects = {

/* Begin PBXBuildFile section */
		3300BEE825F6B76600293F4B /* Tool.swift in Sources */ = {isa = PBXBuildFile; fileRef = 3300BEE725F6B76600293F4B /* Tool.swift */; };
		330545C325E854CF009B73C3 /* AppDelegate.swift in Sources */ = {isa = PBXBuildFile; fileRef = 330545C225E854CF009B73C3 /* AppDelegate.swift */; };
		330545C525E854CF009B73C3 /* SceneDelegate.swift in Sources */ = {isa = PBXBuildFile; fileRef = 330545C425E854CF009B73C3 /* SceneDelegate.swift */; };
		330545C725E854CF009B73C3 /* ViewController.swift in Sources */ = {isa = PBXBuildFile; fileRef = 330545C625E854CF009B73C3 /* ViewController.swift */; };
		330545CA25E854CF009B73C3 /* Main.storyboard in Resources */ = {isa = PBXBuildFile; fileRef = 330545C825E854CF009B73C3 /* Main.storyboard */; };
		330545CC25E854D0009B73C3 /* Assets.xcassets in Resources */ = {isa = PBXBuildFile; fileRef = 330545CB25E854D0009B73C3 /* Assets.xcassets */; };
		330545CF25E854D0009B73C3 /* LaunchScreen.storyboard in Resources */ = {isa = PBXBuildFile; fileRef = 330545CD25E854D0009B73C3 /* LaunchScreen.storyboard */; };
		3339A1B825ECD6BD00E93709 /* PenColors.swift in Sources */ = {isa = PBXBuildFile; fileRef = 3339A1B725ECD6BD00E93709 /* PenColors.swift */; };
		333CFAC225EAF2D00088107B /* PenCollectionView.swift in Sources */ = {isa = PBXBuildFile; fileRef = 333CFAC125EAF2D00088107B /* PenCollectionView.swift */; };
		333CFACB25EBE0BC0088107B /* Pen.swift in Sources */ = {isa = PBXBuildFile; fileRef = 333CFACA25EBE0BC0088107B /* Pen.swift */; };
		333CFACF25EC05A80088107B /* UIColor+Extension.swift in Sources */ = {isa = PBXBuildFile; fileRef = 333CFACE25EC05A80088107B /* UIColor+Extension.swift */; };
		333CFAD525EC4D210088107B /* PenCell.xib in Resources */ = {isa = PBXBuildFile; fileRef = 333CFAD425EC4D210088107B /* PenCell.xib */; };
		333CFAD825EC4D9C0088107B /* PenCell.swift in Sources */ = {isa = PBXBuildFile; fileRef = 333CFAD725EC4D9C0088107B /* PenCell.swift */; };
		3374CFA125E9479B0061C5BB /* Line.swift in Sources */ = {isa = PBXBuildFile; fileRef = 3374CFA025E9479B0061C5BB /* Line.swift */; };
		339E932625E90094005AC296 /* CanvasView.swift in Sources */ = {isa = PBXBuildFile; fileRef = 339E932525E90094005AC296 /* CanvasView.swift */; };
/* End PBXBuildFile section */

/* Begin PBXFileReference section */
		3300BEE725F6B76600293F4B /* Tool.swift */ = {isa = PBXFileReference; lastKnownFileType = sourcecode.swift; path = Tool.swift; sourceTree = "<group>"; };
		330545BF25E854CF009B73C3 /* Kids Paint.app */ = {isa = PBXFileReference; explicitFileType = wrapper.application; includeInIndex = 0; path = "Kids Paint.app"; sourceTree = BUILT_PRODUCTS_DIR; };
		330545C225E854CF009B73C3 /* AppDelegate.swift */ = {isa = PBXFileReference; lastKnownFileType = sourcecode.swift; path = AppDelegate.swift; sourceTree = "<group>"; };
		330545C425E854CF009B73C3 /* SceneDelegate.swift */ = {isa = PBXFileReference; lastKnownFileType = sourcecode.swift; path = SceneDelegate.swift; sourceTree = "<group>"; };
		330545C625E854CF009B73C3 /* ViewController.swift */ = {isa = PBXFileReference; lastKnownFileType = sourcecode.swift; path = ViewController.swift; sourceTree = "<group>"; };
		330545C925E854CF009B73C3 /* Base */ = {isa = PBXFileReference; lastKnownFileType = file.storyboard; name = Base; path = Base.lproj/Main.storyboard; sourceTree = "<group>"; };
		330545CB25E854D0009B73C3 /* Assets.xcassets */ = {isa = PBXFileReference; lastKnownFileType = folder.assetcatalog; path = Assets.xcassets; sourceTree = "<group>"; };
		330545CE25E854D0009B73C3 /* Base */ = {isa = PBXFileReference; lastKnownFileType = file.storyboard; name = Base; path = Base.lproj/LaunchScreen.storyboard; sourceTree = "<group>"; };
		330545D025E854D0009B73C3 /* Info.plist */ = {isa = PBXFileReference; lastKnownFileType = text.plist.xml; path = Info.plist; sourceTree = "<group>"; };
		3339A1B725ECD6BD00E93709 /* PenColors.swift */ = {isa = PBXFileReference; lastKnownFileType = sourcecode.swift; path = PenColors.swift; sourceTree = "<group>"; };
		333CFAC125EAF2D00088107B /* PenCollectionView.swift */ = {isa = PBXFileReference; lastKnownFileType = sourcecode.swift; path = PenCollectionView.swift; sourceTree = "<group>"; };
		333CFACA25EBE0BC0088107B /* Pen.swift */ = {isa = PBXFileReference; lastKnownFileType = sourcecode.swift; path = Pen.swift; sourceTree = "<group>"; };
		333CFACE25EC05A80088107B /* UIColor+Extension.swift */ = {isa = PBXFileReference; lastKnownFileType = sourcecode.swift; path = "UIColor+Extension.swift"; sourceTree = "<group>"; };
		333CFAD425EC4D210088107B /* PenCell.xib */ = {isa = PBXFileReference; lastKnownFileType = file.xib; path = PenCell.xib; sourceTree = "<group>"; };
		333CFAD725EC4D9C0088107B /* PenCell.swift */ = {isa = PBXFileReference; lastKnownFileType = sourcecode.swift; path = PenCell.swift; sourceTree = "<group>"; };
		3374CFA025E9479B0061C5BB /* Line.swift */ = {isa = PBXFileReference; lastKnownFileType = sourcecode.swift; path = Line.swift; sourceTree = "<group>"; };
		339E932525E90094005AC296 /* CanvasView.swift */ = {isa = PBXFileReference; lastKnownFileType = sourcecode.swift; path = CanvasView.swift; sourceTree = "<group>"; };
/* End PBXFileReference section */

/* Begin PBXFrameworksBuildPhase section */
		330545BC25E854CF009B73C3 /* Frameworks */ = {
			isa = PBXFrameworksBuildPhase;
			buildActionMask = 2147483647;
			files = (
			);
			runOnlyForDeploymentPostprocessing = 0;
		};
/* End PBXFrameworksBuildPhase section */

/* Begin PBXGroup section */
		330545B625E854CF009B73C3 = {
			isa = PBXGroup;
			children = (
				330545C125E854CF009B73C3 /* Kids Paint */,
				330545C025E854CF009B73C3 /* Products */,
			);
			sourceTree = "<group>";
		};
		330545C025E854CF009B73C3 /* Products */ = {
			isa = PBXGroup;
			children = (
				330545BF25E854CF009B73C3 /* Kids Paint.app */,
			);
			name = Products;
			sourceTree = "<group>";
		};
		330545C125E854CF009B73C3 /* Kids Paint */ = {
			isa = PBXGroup;
			children = (
				333CFACD25EC059A0088107B /* Extensions */,
				3374CF9F25E9478B0061C5BB /* Models */,
				3370767025E910CF00236A3F /* Views */,
				330545C225E854CF009B73C3 /* AppDelegate.swift */,
				330545C425E854CF009B73C3 /* SceneDelegate.swift */,
				330545C625E854CF009B73C3 /* ViewController.swift */,
				330545C825E854CF009B73C3 /* Main.storyboard */,
				330545CB25E854D0009B73C3 /* Assets.xcassets */,
				330545CD25E854D0009B73C3 /* LaunchScreen.storyboard */,
				330545D025E854D0009B73C3 /* Info.plist */,
			);
			path = "Kids Paint";
			sourceTree = "<group>";
		};
		333CFACD25EC059A0088107B /* Extensions */ = {
			isa = PBXGroup;
			children = (
				333CFACE25EC05A80088107B /* UIColor+Extension.swift */,
			);
			path = Extensions;
			sourceTree = "<group>";
		};
		3370767025E910CF00236A3F /* Views */ = {
			isa = PBXGroup;
			children = (
				339E932525E90094005AC296 /* CanvasView.swift */,
				333CFAC125EAF2D00088107B /* PenCollectionView.swift */,
				333CFAD425EC4D210088107B /* PenCell.xib */,
				333CFAD725EC4D9C0088107B /* PenCell.swift */,
			);
			path = Views;
			sourceTree = "<group>";
		};
		3374CF9F25E9478B0061C5BB /* Models */ = {
			isa = PBXGroup;
			children = (
				3374CFA025E9479B0061C5BB /* Line.swift */,
				333CFACA25EBE0BC0088107B /* Pen.swift */,
				3339A1B725ECD6BD00E93709 /* PenColors.swift */,
				3300BEE725F6B76600293F4B /* Tool.swift */,
			);
			path = Models;
			sourceTree = "<group>";
		};
/* End PBXGroup section */

/* Begin PBXNativeTarget section */
		330545BE25E854CF009B73C3 /* Kids Paint */ = {
			isa = PBXNativeTarget;
			buildConfigurationList = 330545D325E854D0009B73C3 /* Build configuration list for PBXNativeTarget "Kids Paint" */;
			buildPhases = (
				330545BB25E854CF009B73C3 /* Sources */,
				330545BC25E854CF009B73C3 /* Frameworks */,
				330545BD25E854CF009B73C3 /* Resources */,
			);
			buildRules = (
			);
			dependencies = (
			);
			name = "Kids Paint";
			productName = "Kids Paint";
			productReference = 330545BF25E854CF009B73C3 /* Kids Paint.app */;
			productType = "com.apple.product-type.application";
		};
/* End PBXNativeTarget section */

/* Begin PBXProject section */
		330545B725E854CF009B73C3 /* Project object */ = {
			isa = PBXProject;
			attributes = {
				LastSwiftUpdateCheck = 1240;
				LastUpgradeCheck = 1240;
				TargetAttributes = {
					330545BE25E854CF009B73C3 = {
						CreatedOnToolsVersion = 12.4;
					};
				};
			};
			buildConfigurationList = 330545BA25E854CF009B73C3 /* Build configuration list for PBXProject "Kids Paint" */;
			compatibilityVersion = "Xcode 9.3";
			developmentRegion = en;
			hasScannedForEncodings = 0;
			knownRegions = (
				en,
				Base,
			);
			mainGroup = 330545B625E854CF009B73C3;
			productRefGroup = 330545C025E854CF009B73C3 /* Products */;
			projectDirPath = "";
			projectRoot = "";
			targets = (
				330545BE25E854CF009B73C3 /* Kids Paint */,
			);
		};
/* End PBXProject section */

/* Begin PBXResourcesBuildPhase section */
		330545BD25E854CF009B73C3 /* Resources */ = {
			isa = PBXResourcesBuildPhase;
			buildActionMask = 2147483647;
			files = (
				330545CF25E854D0009B73C3 /* LaunchScreen.storyboard in Resources */,
				330545CC25E854D0009B73C3 /* Assets.xcassets in Resources */,
				330545CA25E854CF009B73C3 /* Main.storyboard in Resources */,
				333CFAD525EC4D210088107B /* PenCell.xib in Resources */,
			);
			runOnlyForDeploymentPostprocessing = 0;
		};
/* End PBXResourcesBuildPhase section */

/* Begin PBXSourcesBuildPhase section */
		330545BB25E854CF009B73C3 /* Sources */ = {
			isa = PBXSourcesBuildPhase;
			buildActionMask = 2147483647;
			files = (
				330545C725E854CF009B73C3 /* ViewController.swift in Sources */,
				333CFAD825EC4D9C0088107B /* PenCell.swift in Sources */,
				3374CFA125E9479B0061C5BB /* Line.swift in Sources */,
				330545C325E854CF009B73C3 /* AppDelegate.swift in Sources */,
				3339A1B825ECD6BD00E93709 /* PenColors.swift in Sources */,
				339E932625E90094005AC296 /* CanvasView.swift in Sources */,
				333CFAC225EAF2D00088107B /* PenCollectionView.swift in Sources */,
				3300BEE825F6B76600293F4B /* Tool.swift in Sources */,
				330545C525E854CF009B73C3 /* SceneDelegate.swift in Sources */,
				333CFACB25EBE0BC0088107B /* Pen.swift in Sources */,
				333CFACF25EC05A80088107B /* UIColor+Extension.swift in Sources */,
			);
			runOnlyForDeploymentPostprocessing = 0;
		};
/* End PBXSourcesBuildPhase section */

/* Begin PBXVariantGroup section */
		330545C825E854CF009B73C3 /* Main.storyboard */ = {
			isa = PBXVariantGroup;
			children = (
				330545C925E854CF009B73C3 /* Base */,
			);
			name = Main.storyboard;
			sourceTree = "<group>";
		};
		330545CD25E854D0009B73C3 /* LaunchScreen.storyboard */ = {
			isa = PBXVariantGroup;
			children = (
				330545CE25E854D0009B73C3 /* Base */,
			);
			name = LaunchScreen.storyboard;
			sourceTree = "<group>";
		};
/* End PBXVariantGroup section */

/* Begin XCBuildConfiguration section */
		330545D125E854D0009B73C3 /* Debug */ = {
			isa = XCBuildConfiguration;
			buildSettings = {
				ALWAYS_SEARCH_USER_PATHS = NO;
				CLANG_ANALYZER_NONNULL = YES;
				CLANG_ANALYZER_NUMBER_OBJECT_CONVERSION = YES_AGGRESSIVE;
				CLANG_CXX_LANGUAGE_STANDARD = "gnu++14";
				CLANG_CXX_LIBRARY = "libc++";
				CLANG_ENABLE_MODULES = YES;
				CLANG_ENABLE_OBJC_ARC = YES;
				CLANG_ENABLE_OBJC_WEAK = YES;
				CLANG_WARN_BLOCK_CAPTURE_AUTORELEASING = YES;
				CLANG_WARN_BOOL_CONVERSION = YES;
				CLANG_WARN_COMMA = YES;
				CLANG_WARN_CONSTANT_CONVERSION = YES;
				CLANG_WARN_DEPRECATED_OBJC_IMPLEMENTATIONS = YES;
				CLANG_WARN_DIRECT_OBJC_ISA_USAGE = YES_ERROR;
				CLANG_WARN_DOCUMENTATION_COMMENTS = YES;
				CLANG_WARN_EMPTY_BODY = YES;
				CLANG_WARN_ENUM_CONVERSION = YES;
				CLANG_WARN_INFINITE_RECURSION = YES;
				CLANG_WARN_INT_CONVERSION = YES;
				CLANG_WARN_NON_LITERAL_NULL_CONVERSION = YES;
				CLANG_WARN_OBJC_IMPLICIT_RETAIN_SELF = YES;
				CLANG_WARN_OBJC_LITERAL_CONVERSION = YES;
				CLANG_WARN_OBJC_ROOT_CLASS = YES_ERROR;
				CLANG_WARN_QUOTED_INCLUDE_IN_FRAMEWORK_HEADER = YES;
				CLANG_WARN_RANGE_LOOP_ANALYSIS = YES;
				CLANG_WARN_STRICT_PROTOTYPES = YES;
				CLANG_WARN_SUSPICIOUS_MOVE = YES;
				CLANG_WARN_UNGUARDED_AVAILABILITY = YES_AGGRESSIVE;
				CLANG_WARN_UNREACHABLE_CODE = YES;
				CLANG_WARN__DUPLICATE_METHOD_MATCH = YES;
				COPY_PHASE_STRIP = NO;
				DEBUG_INFORMATION_FORMAT = dwarf;
				ENABLE_STRICT_OBJC_MSGSEND = YES;
				ENABLE_TESTABILITY = YES;
				GCC_C_LANGUAGE_STANDARD = gnu11;
				GCC_DYNAMIC_NO_PIC = NO;
				GCC_NO_COMMON_BLOCKS = YES;
				GCC_OPTIMIZATION_LEVEL = 0;
				GCC_PREPROCESSOR_DEFINITIONS = (
					"DEBUG=1",
					"$(inherited)",
				);
				GCC_WARN_64_TO_32_BIT_CONVERSION = YES;
				GCC_WARN_ABOUT_RETURN_TYPE = YES_ERROR;
				GCC_WARN_UNDECLARED_SELECTOR = YES;
				GCC_WARN_UNINITIALIZED_AUTOS = YES_AGGRESSIVE;
				GCC_WARN_UNUSED_FUNCTION = YES;
				GCC_WARN_UNUSED_VARIABLE = YES;
				IPHONEOS_DEPLOYMENT_TARGET = 14.4;
				MTL_ENABLE_DEBUG_INFO = INCLUDE_SOURCE;
				MTL_FAST_MATH = YES;
				ONLY_ACTIVE_ARCH = YES;
				SDKROOT = iphoneos;
				SWIFT_ACTIVE_COMPILATION_CONDITIONS = DEBUG;
				SWIFT_OPTIMIZATION_LEVEL = "-Onone";
			};
			name = Debug;
		};
		330545D225E854D0009B73C3 /* Release */ = {
			isa = XCBuildConfiguration;
			buildSettings = {
				ALWAYS_SEARCH_USER_PATHS = NO;
				CLANG_ANALYZER_NONNULL = YES;
				CLANG_ANALYZER_NUMBER_OBJECT_CONVERSION = YES_AGGRESSIVE;
				CLANG_CXX_LANGUAGE_STANDARD = "gnu++14";
				CLANG_CXX_LIBRARY = "libc++";
				CLANG_ENABLE_MODULES = YES;
				CLANG_ENABLE_OBJC_ARC = YES;
				CLANG_ENABLE_OBJC_WEAK = YES;
				CLANG_WARN_BLOCK_CAPTURE_AUTORELEASING = YES;
				CLANG_WARN_BOOL_CONVERSION = YES;
				CLANG_WARN_COMMA = YES;
				CLANG_WARN_CONSTANT_CONVERSION = YES;
				CLANG_WARN_DEPRECATED_OBJC_IMPLEMENTATIONS = YES;
				CLANG_WARN_DIRECT_OBJC_ISA_USAGE = YES_ERROR;
				CLANG_WARN_DOCUMENTATION_COMMENTS = YES;
				CLANG_WARN_EMPTY_BODY = YES;
				CLANG_WARN_ENUM_CONVERSION = YES;
				CLANG_WARN_INFINITE_RECURSION = YES;
				CLANG_WARN_INT_CONVERSION = YES;
				CLANG_WARN_NON_LITERAL_NULL_CONVERSION = YES;
				CLANG_WARN_OBJC_IMPLICIT_RETAIN_SELF = YES;
				CLANG_WARN_OBJC_LITERAL_CONVERSION = YES;
				CLANG_WARN_OBJC_ROOT_CLASS = YES_ERROR;
				CLANG_WARN_QUOTED_INCLUDE_IN_FRAMEWORK_HEADER = YES;
				CLANG_WARN_RANGE_LOOP_ANALYSIS = YES;
				CLANG_WARN_STRICT_PROTOTYPES = YES;
				CLANG_WARN_SUSPICIOUS_MOVE = YES;
				CLANG_WARN_UNGUARDED_AVAILABILITY = YES_AGGRESSIVE;
				CLANG_WARN_UNREACHABLE_CODE = YES;
				CLANG_WARN__DUPLICATE_METHOD_MATCH = YES;
				COPY_PHASE_STRIP = NO;
				DEBUG_INFORMATION_FORMAT = "dwarf-with-dsym";
				ENABLE_NS_ASSERTIONS = NO;
				ENABLE_STRICT_OBJC_MSGSEND = YES;
				GCC_C_LANGUAGE_STANDARD = gnu11;
				GCC_NO_COMMON_BLOCKS = YES;
				GCC_WARN_64_TO_32_BIT_CONVERSION = YES;
				GCC_WARN_ABOUT_RETURN_TYPE = YES_ERROR;
				GCC_WARN_UNDECLARED_SELECTOR = YES;
				GCC_WARN_UNINITIALIZED_AUTOS = YES_AGGRESSIVE;
				GCC_WARN_UNUSED_FUNCTION = YES;
				GCC_WARN_UNUSED_VARIABLE = YES;
				IPHONEOS_DEPLOYMENT_TARGET = 14.4;
				MTL_ENABLE_DEBUG_INFO = NO;
				MTL_FAST_MATH = YES;
				SDKROOT = iphoneos;
				SWIFT_COMPILATION_MODE = wholemodule;
				SWIFT_OPTIMIZATION_LEVEL = "-O";
				VALIDATE_PRODUCT = YES;
			};
			name = Release;
		};
		330545D425E854D0009B73C3 /* Debug */ = {
			isa = XCBuildConfiguration;
			buildSettings = {
				ASSETCATALOG_COMPILER_APPICON_NAME = AppIcon;
				ASSETCATALOG_COMPILER_GLOBAL_ACCENT_COLOR_NAME = AccentColor;
				CODE_SIGN_STYLE = Automatic;
				DEVELOPMENT_TEAM = 2RBQPAZGTM;
				INFOPLIST_FILE = "Kids Paint/Info.plist";
				LD_RUNPATH_SEARCH_PATHS = (
					"$(inherited)",
					"@executable_path/Frameworks",
				);
				PRODUCT_BUNDLE_IDENTIFIER = "net.voelke.Kids-Paint";
				PRODUCT_NAME = "$(TARGET_NAME)";
				SWIFT_VERSION = 5.0;
				TARGETED_DEVICE_FAMILY = 2;
			};
			name = Debug;
		};
		330545D525E854D0009B73C3 /* Release */ = {
			isa = XCBuildConfiguration;
			buildSettings = {
				ASSETCATALOG_COMPILER_APPICON_NAME = AppIcon;
				ASSETCATALOG_COMPILER_GLOBAL_ACCENT_COLOR_NAME = AccentColor;
				CODE_SIGN_STYLE = Automatic;
				DEVELOPMENT_TEAM = 2RBQPAZGTM;
				INFOPLIST_FILE = "Kids Paint/Info.plist";
				LD_RUNPATH_SEARCH_PATHS = (
					"$(inherited)",
					"@executable_path/Frameworks",
				);
				PRODUCT_BUNDLE_IDENTIFIER = "net.voelke.Kids-Paint";
				PRODUCT_NAME = "$(TARGET_NAME)";
				SWIFT_VERSION = 5.0;
				TARGETED_DEVICE_FAMILY = 2;
			};
			name = Release;
		};
/* End XCBuildConfiguration section */

/* Begin XCConfigurationList section */
		330545BA25E854CF009B73C3 /* Build configuration list for PBXProject "Kids Paint" */ = {
			isa = XCConfigurationList;
			buildConfigurations = (
				330545D125E854D0009B73C3 /* Debug */,
				330545D225E854D0009B73C3 /* Release */,
			);
			defaultConfigurationIsVisible = 0;
			defaultConfigurationName = Release;
		};
		330545D325E854D0009B73C3 /* Build configuration list for PBXNativeTarget "Kids Paint" */ = {
			isa = XCConfigurationList;
			buildConfigurations = (
				330545D425E854D0009B73C3 /* Debug */,
				330545D525E854D0009B73C3 /* Release */,
			);
			defaultConfigurationIsVisible = 0;
			defaultConfigurationName = Release;
		};
/* End XCConfigurationList section */
	};
	rootObject = 330545B725E854CF009B73C3 /* Project object */;
}
